
Microsoft Visual Studio Solution File, Format Version 12.00
# Visual Studio Version 16
VisualStudioVersion = 16.0.31515.178
MinimumVisualStudioVersion = 10.0.40219.1
Project("{FAE04EC0-301F-11D3-BF4B-00C04F79EFBC}") = "PassiveAPKSniffer", "PassiveAPKSniffer.csproj", "{586EA0B4-BA09-4939-B66B-44A8E935800E}"
EndProject
Global
	GlobalSection(SolutionConfigurationPlatforms) = preSolution
		Debug|Any CPU = Debug|Any CPU
		Release|Any CPU = Release|Any CPU
	EndGlobalSection
	GlobalSection(ProjectConfigurationPlatforms) = postSolution
		{586EA0B4-BA09-4939-B66B-44A8E935800E}.Debug|Any CPU.ActiveCfg = Debug|Any CPU
		{586EA0B4-BA09-4939-B66B-44A8E935800E}.Debug|Any CPU.Build.0 = Debug|Any CPU
		{586EA0B4-BA09-4939-B66B-44A8E935800E}.Release|Any CPU.ActiveCfg = Release|Any CPU
		{586EA0B4-BA09-4939-B66B-44A8E935800E}.Release|Any CPU.Build.0 = Release|Any CPU
	EndGlobalSection
	GlobalSection(SolutionProperties) = preSolution
		HideSolutionNode = FALSE
	EndGlobalSection
	GlobalSection(ExtensibilityGlobals) = postSolution
		SolutionGuid = {7925EF14-2F4D-4A8A-972F-99F6E7C5F69D}
	EndGlobalSection
EndGlobal
